
Microsoft Visual Studio Solution File, Format Version 12.00
# Visual Studio Version 17
VisualStudioVersion = 17.11.35327.3
MinimumVisualStudioVersion = 10.0.40219.1
Project("{FAE04EC0-301F-11D3-BF4B-00C04F79EFBC}") = "TestSMSThrottleService", "TestSMSThrottleService\TestSMSThrottleService.csproj", "{E11A0755-5AF9-4FFC-BF0F-C1FDF54AE8A8}"
EndProject
Global
	GlobalSection(SolutionConfigurationPlatforms) = preSolution
		Debug|Any CPU = Debug|Any CPU
		Release|Any CPU = Release|Any CPU
	EndGlobalSection
	GlobalSection(ProjectConfigurationPlatforms) = postSolution
		{E11A0755-5AF9-4FFC-BF0F-C1FDF54AE8A8}.Debug|Any CPU.ActiveCfg = Debug|Any CPU
		{E11A0755-5AF9-4FFC-BF0F-C1FDF54AE8A8}.Debug|Any CPU.Build.0 = Debug|Any CPU
		{E11A0755-5AF9-4FFC-BF0F-C1FDF54AE8A8}.Release|Any CPU.ActiveCfg = Release|Any CPU
		{E11A0755-5AF9-4FFC-BF0F-C1FDF54AE8A8}.Release|Any CPU.Build.0 = Release|Any CPU
	EndGlobalSection
	GlobalSection(SolutionProperties) = preSolution
		HideSolutionNode = FALSE
	EndGlobalSection
	GlobalSection(ExtensibilityGlobals) = postSolution
		SolutionGuid = {6340F882-5BBF-4A67-9B54-F201DFEB6365}
	EndGlobalSection
EndGlobal
